// !$*UTF8*$!
{
	archiveVersion = 1;
	classes = {
	};
	objectVersion = 46;
	objects = {

/* Begin PBXBuildFile section */
		682C0F321A86069100DDF670 /* Alamofire.framework in Copy Frameworks */ = {isa = PBXBuildFile; fileRef = 682C0F281A86018100DDF670 /* Alamofire.framework */; settings = {ATTRIBUTES = (CodeSignOnCopy, RemoveHeadersOnCopy, ); }; };
		6886D0F81A8500EC0093EE90 /* Auth.swift in Sources */ = {isa = PBXBuildFile; fileRef = 6886D0F71A8500EC0093EE90 /* Auth.swift */; };
		6895A00C1A84E8D500E88E28 /* AppDelegate.swift in Sources */ = {isa = PBXBuildFile; fileRef = 6895A00B1A84E8D500E88E28 /* AppDelegate.swift */; };
		6895A00E1A84E8D500E88E28 /* ViewController.swift in Sources */ = {isa = PBXBuildFile; fileRef = 6895A00D1A84E8D500E88E28 /* ViewController.swift */; };
		6895A0111A84E8D500E88E28 /* Main.storyboard in Resources */ = {isa = PBXBuildFile; fileRef = 6895A00F1A84E8D500E88E28 /* Main.storyboard */; };
		6895A0131A84E8D500E88E28 /* Images.xcassets in Resources */ = {isa = PBXBuildFile; fileRef = 6895A0121A84E8D500E88E28 /* Images.xcassets */; };
		6895A0161A84E8D500E88E28 /* LaunchScreen.xib in Resources */ = {isa = PBXBuildFile; fileRef = 6895A0141A84E8D500E88E28 /* LaunchScreen.xib */; };
		6895A0221A84E8D500E88E28 /* SampleTests.swift in Sources */ = {isa = PBXBuildFile; fileRef = 6895A0211A84E8D500E88E28 /* SampleTests.swift */; };
		6895A02E1A84EA5800E88E28 /* SecondViewController.swift in Sources */ = {isa = PBXBuildFile; fileRef = 6895A02D1A84EA5800E88E28 /* SecondViewController.swift */; };
/* End PBXBuildFile section */

/* Begin PBXContainerItemProxy section */
		682C0F271A86018100DDF670 /* PBXContainerItemProxy */ = {
			isa = PBXContainerItemProxy;
			containerPortal = 682C0F201A86018000DDF670 /* Alamofire.xcodeproj */;
			proxyType = 2;
			remoteGlobalIDString = F8111E3319A95C8B0040E7D1;
			remoteInfo = "Alamofire iOS";
		};
		682C0F291A86018100DDF670 /* PBXContainerItemProxy */ = {
			isa = PBXContainerItemProxy;
			containerPortal = 682C0F201A86018000DDF670 /* Alamofire.xcodeproj */;
			proxyType = 2;
			remoteGlobalIDString = 4DD67C0B1A5C55C900ED2280;
			remoteInfo = "Alamofire OSX";
		};
		682C0F2B1A86018100DDF670 /* PBXContainerItemProxy */ = {
			isa = PBXContainerItemProxy;
			containerPortal = 682C0F201A86018000DDF670 /* Alamofire.xcodeproj */;
			proxyType = 2;
			remoteGlobalIDString = F8111E3E19A95C8B0040E7D1;
			remoteInfo = "Alamofire iOS Tests";
		};
		682C0F2D1A86018100DDF670 /* PBXContainerItemProxy */ = {
			isa = PBXContainerItemProxy;
			containerPortal = 682C0F201A86018000DDF670 /* Alamofire.xcodeproj */;
			proxyType = 2;
			remoteGlobalIDString = F829C6B21A7A94F100A2CD59;
			remoteInfo = "Alamofire OSX Tests";
		};
		682C0F2F1A8604E000DDF670 /* PBXContainerItemProxy */ = {
			isa = PBXContainerItemProxy;
			containerPortal = 682C0F201A86018000DDF670 /* Alamofire.xcodeproj */;
			proxyType = 1;
			remoteGlobalIDString = F8111E3219A95C8B0040E7D1;
			remoteInfo = "Alamofire iOS";
		};
		6895A01C1A84E8D500E88E28 /* PBXContainerItemProxy */ = {
			isa = PBXContainerItemProxy;
			containerPortal = 68959FFE1A84E8D500E88E28 /* Project object */;
			proxyType = 1;
			remoteGlobalIDString = 6895A0051A84E8D500E88E28;
			remoteInfo = Sample;
		};
/* End PBXContainerItemProxy section */

/* Begin PBXCopyFilesBuildPhase section */
		682C0F311A86055100DDF670 /* Copy Frameworks */ = {
			isa = PBXCopyFilesBuildPhase;
			buildActionMask = 2147483647;
			dstPath = "";
			dstSubfolderSpec = 10;
			files = (
				682C0F321A86069100DDF670 /* Alamofire.framework in Copy Frameworks */,
			);
			name = "Copy Frameworks";
			runOnlyForDeploymentPostprocessing = 0;
		};
/* End PBXCopyFilesBuildPhase section */

/* Begin PBXFileReference section */
		682C0F201A86018000DDF670 /* Alamofire.xcodeproj */ = {isa = PBXFileReference; lastKnownFileType = "wrapper.pb-project"; name = Alamofire.xcodeproj; path = Alamofire/Alamofire.xcodeproj; sourceTree = SOURCE_ROOT; };
		6886D0F71A8500EC0093EE90 /* Auth.swift */ = {isa = PBXFileReference; fileEncoding = 4; lastKnownFileType = sourcecode.swift; path = Auth.swift; sourceTree = "<group>"; };
		6895A0061A84E8D500E88E28 /* Sample.app */ = {isa = PBXFileReference; explicitFileType = wrapper.application; includeInIndex = 0; path = Sample.app; sourceTree = BUILT_PRODUCTS_DIR; };
		6895A00A1A84E8D500E88E28 /* Info.plist */ = {isa = PBXFileReference; lastKnownFileType = text.plist.xml; path = Info.plist; sourceTree = "<group>"; };
		6895A00B1A84E8D500E88E28 /* AppDelegate.swift */ = {isa = PBXFileReference; lastKnownFileType = sourcecode.swift; path = AppDelegate.swift; sourceTree = "<group>"; };
		6895A00D1A84E8D500E88E28 /* ViewController.swift */ = {isa = PBXFileReference; lastKnownFileType = sourcecode.swift; path = ViewController.swift; sourceTree = "<group>"; };
		6895A0101A84E8D500E88E28 /* Base */ = {isa = PBXFileReference; lastKnownFileType = file.storyboard; name = Base; path = Base.lproj/Main.storyboard; sourceTree = "<group>"; };
		6895A0121A84E8D500E88E28 /* Images.xcassets */ = {isa = PBXFileReference; lastKnownFileType = folder.assetcatalog; path = Images.xcassets; sourceTree = "<group>"; };
		6895A0151A84E8D500E88E28 /* Base */ = {isa = PBXFileReference; lastKnownFileType = file.xib; name = Base; path = Base.lproj/LaunchScreen.xib; sourceTree = "<group>"; };
		6895A01B1A84E8D500E88E28 /* SampleTests.xctest */ = {isa = PBXFileReference; explicitFileType = wrapper.cfbundle; includeInIndex = 0; path = SampleTests.xctest; sourceTree = BUILT_PRODUCTS_DIR; };
		6895A0201A84E8D500E88E28 /* Info.plist */ = {isa = PBXFileReference; lastKnownFileType = text.plist.xml; path = Info.plist; sourceTree = "<group>"; };
		6895A0211A84E8D500E88E28 /* SampleTests.swift */ = {isa = PBXFileReference; lastKnownFileType = sourcecode.swift; path = SampleTests.swift; sourceTree = "<group>"; };
		6895A02D1A84EA5800E88E28 /* SecondViewController.swift */ = {isa = PBXFileReference; fileEncoding = 4; lastKnownFileType = sourcecode.swift; path = SecondViewController.swift; sourceTree = "<group>"; };
/* End PBXFileReference section */

/* Begin PBXFrameworksBuildPhase section */
		6895A0031A84E8D500E88E28 /* Frameworks */ = {
			isa = PBXFrameworksBuildPhase;
			buildActionMask = 2147483647;
			files = (
			);
			runOnlyForDeploymentPostprocessing = 0;
		};
		6895A0181A84E8D500E88E28 /* Frameworks */ = {
			isa = PBXFrameworksBuildPhase;
			buildActionMask = 2147483647;
			files = (
			);
			runOnlyForDeploymentPostprocessing = 0;
		};
/* End PBXFrameworksBuildPhase section */

/* Begin PBXGroup section */
		682C0F211A86018000DDF670 /* Products */ = {
			isa = PBXGroup;
			children = (
				682C0F281A86018100DDF670 /* Alamofire.framework */,
				682C0F2A1A86018100DDF670 /* Alamofire.framework */,
				682C0F2C1A86018100DDF670 /* Alamofire iOS Tests.xctest */,
				682C0F2E1A86018100DDF670 /* Alamofire OSX Tests.xctest */,
			);
			name = Products;
			sourceTree = "<group>";
		};
		68959FFD1A84E8D500E88E28 = {
			isa = PBXGroup;
			children = (
				6895A0081A84E8D500E88E28 /* Sample */,
				6895A01E1A84E8D500E88E28 /* SampleTests */,
				6895A0071A84E8D500E88E28 /* Products */,
			);
			sourceTree = "<group>";
		};
		6895A0071A84E8D500E88E28 /* Products */ = {
			isa = PBXGroup;
			children = (
				6895A0061A84E8D500E88E28 /* Sample.app */,
				6895A01B1A84E8D500E88E28 /* SampleTests.xctest */,
			);
			name = Products;
			sourceTree = "<group>";
		};
		6895A0081A84E8D500E88E28 /* Sample */ = {
			isa = PBXGroup;
			children = (
				6895A00B1A84E8D500E88E28 /* AppDelegate.swift */,
				6895A00D1A84E8D500E88E28 /* ViewController.swift */,
				6895A00F1A84E8D500E88E28 /* Main.storyboard */,
				6895A0121A84E8D500E88E28 /* Images.xcassets */,
				6895A0141A84E8D500E88E28 /* LaunchScreen.xib */,
				6895A0091A84E8D500E88E28 /* Supporting Files */,
				6895A02D1A84EA5800E88E28 /* SecondViewController.swift */,
				6886D0F71A8500EC0093EE90 /* Auth.swift */,
				682C0F201A86018000DDF670 /* Alamofire.xcodeproj */,
			);
			path = Sample;
			sourceTree = "<group>";
		};
		6895A0091A84E8D500E88E28 /* Supporting Files */ = {
			isa = PBXGroup;
			children = (
				6895A00A1A84E8D500E88E28 /* Info.plist */,
			);
			name = "Supporting Files";
			sourceTree = "<group>";
		};
		6895A01E1A84E8D500E88E28 /* SampleTests */ = {
			isa = PBXGroup;
			children = (
				6895A0211A84E8D500E88E28 /* SampleTests.swift */,
				6895A01F1A84E8D500E88E28 /* Supporting Files */,
			);
			path = SampleTests;
			sourceTree = "<group>";
		};
		6895A01F1A84E8D500E88E28 /* Supporting Files */ = {
			isa = PBXGroup;
			children = (
				6895A0201A84E8D500E88E28 /* Info.plist */,
			);
			name = "Supporting Files";
			sourceTree = "<group>";
		};
/* End PBXGroup section */

/* Begin PBXNativeTarget section */
		6895A0051A84E8D500E88E28 /* Sample */ = {
			isa = PBXNativeTarget;
			buildConfigurationList = 6895A0251A84E8D500E88E28 /* Build configuration list for PBXNativeTarget "Sample" */;
			buildPhases = (
				6895A0021A84E8D500E88E28 /* Sources */,
				6895A0031A84E8D500E88E28 /* Frameworks */,
				6895A0041A84E8D500E88E28 /* Resources */,
				682C0F311A86055100DDF670 /* Copy Frameworks */,
			);
			buildRules = (
			);
			dependencies = (
				682C0F301A8604E000DDF670 /* PBXTargetDependency */,
			);
			name = Sample;
			productName = Sample;
			productReference = 6895A0061A84E8D500E88E28 /* Sample.app */;
			productType = "com.apple.product-type.application";
		};
		6895A01A1A84E8D500E88E28 /* SampleTests */ = {
			isa = PBXNativeTarget;
			buildConfigurationList = 6895A0281A84E8D500E88E28 /* Build configuration list for PBXNativeTarget "SampleTests" */;
			buildPhases = (
				6895A0171A84E8D500E88E28 /* Sources */,
				6895A0181A84E8D500E88E28 /* Frameworks */,
				6895A0191A84E8D500E88E28 /* Resources */,
			);
			buildRules = (
			);
			dependencies = (
				6895A01D1A84E8D500E88E28 /* PBXTargetDependency */,
			);
			name = SampleTests;
			productName = SampleTests;
			productReference = 6895A01B1A84E8D500E88E28 /* SampleTests.xctest */;
			productType = "com.apple.product-type.bundle.unit-test";
		};
/* End PBXNativeTarget section */

/* Begin PBXProject section */
		68959FFE1A84E8D500E88E28 /* Project object */ = {
			isa = PBXProject;
			attributes = {
				LastUpgradeCheck = 0610;
				ORGANIZATIONNAME = "Mizuho Ueda";
				TargetAttributes = {
					6895A0051A84E8D500E88E28 = {
						CreatedOnToolsVersion = 6.1.1;
					};
					6895A01A1A84E8D500E88E28 = {
						CreatedOnToolsVersion = 6.1.1;
						TestTargetID = 6895A0051A84E8D500E88E28;
					};
				};
			};
			buildConfigurationList = 6895A0011A84E8D500E88E28 /* Build configuration list for PBXProject "Sample" */;
			compatibilityVersion = "Xcode 3.2";
			developmentRegion = English;
			hasScannedForEncodings = 0;
			knownRegions = (
				en,
				Base,
			);
			mainGroup = 68959FFD1A84E8D500E88E28;
			productRefGroup = 6895A0071A84E8D500E88E28 /* Products */;
			projectDirPath = "";
			projectReferences = (
				{
					ProductGroup = 682C0F211A86018000DDF670 /* Products */;
					ProjectRef = 682C0F201A86018000DDF670 /* Alamofire.xcodeproj */;
				},
			);
			projectRoot = "";
			targets = (
				6895A0051A84E8D500E88E28 /* Sample */,
				6895A01A1A84E8D500E88E28 /* SampleTests */,
			);
		};
/* End PBXProject section */

/* Begin PBXReferenceProxy section */
		682C0F281A86018100DDF670 /* Alamofire.framework */ = {
			isa = PBXReferenceProxy;
			fileType = wrapper.framework;
			path = Alamofire.framework;
			remoteRef = 682C0F271A86018100DDF670 /* PBXContainerItemProxy */;
			sourceTree = BUILT_PRODUCTS_DIR;
		};
		682C0F2A1A86018100DDF670 /* Alamofire.framework */ = {
			isa = PBXReferenceProxy;
			fileType = wrapper.framework;
			path = Alamofire.framework;
			remoteRef = 682C0F291A86018100DDF670 /* PBXContainerItemProxy */;
			sourceTree = BUILT_PRODUCTS_DIR;
		};
		682C0F2C1A86018100DDF670 /* Alamofire iOS Tests.xctest */ = {
			isa = PBXReferenceProxy;
			fileType = wrapper.cfbundle;
			path = "Alamofire iOS Tests.xctest";
			remoteRef = 682C0F2B1A86018100DDF670 /* PBXContainerItemProxy */;
			sourceTree = BUILT_PRODUCTS_DIR;
		};
		682C0F2E1A86018100DDF670 /* Alamofire OSX Tests.xctest */ = {
			isa = PBXReferenceProxy;
			fileType = wrapper.cfbundle;
			path = "Alamofire OSX Tests.xctest";
			remoteRef = 682C0F2D1A86018100DDF670 /* PBXContainerItemProxy */;
			sourceTree = BUILT_PRODUCTS_DIR;
		};
/* End PBXReferenceProxy section */

/* Begin PBXResourcesBuildPhase section */
		6895A0041A84E8D500E88E28 /* Resources */ = {
			isa = PBXResourcesBuildPhase;
			buildActionMask = 2147483647;
			files = (
				6895A0111A84E8D500E88E28 /* Main.storyboard in Resources */,
				6895A0161A84E8D500E88E28 /* LaunchScreen.xib in Resources */,
				6895A0131A84E8D500E88E28 /* Images.xcassets in Resources */,
			);
			runOnlyForDeploymentPostprocessing = 0;
		};
		6895A0191A84E8D500E88E28 /* Resources */ = {
			isa = PBXResourcesBuildPhase;
			buildActionMask = 2147483647;
			files = (
			);
			runOnlyForDeploymentPostprocessing = 0;
		};
/* End PBXResourcesBuildPhase section */

/* Begin PBXSourcesBuildPhase section */
		6895A0021A84E8D500E88E28 /* Sources */ = {
			isa = PBXSourcesBuildPhase;
			buildActionMask = 2147483647;
			files = (
				6895A02E1A84EA5800E88E28 /* SecondViewController.swift in Sources */,
				6895A00E1A84E8D500E88E28 /* ViewController.swift in Sources */,
				6895A00C1A84E8D500E88E28 /* AppDelegate.swift in Sources */,
				6886D0F81A8500EC0093EE90 /* Auth.swift in Sources */,
			);
			runOnlyForDeploymentPostprocessing = 0;
		};
		6895A0171A84E8D500E88E28 /* Sources */ = {
			isa = PBXSourcesBuildPhase;
			buildActionMask = 2147483647;
			files = (
				6895A0221A84E8D500E88E28 /* SampleTests.swift in Sources */,
			);
			runOnlyForDeploymentPostprocessing = 0;
		};
/* End PBXSourcesBuildPhase section */

/* Begin PBXTargetDependency section */
		682C0F301A8604E000DDF670 /* PBXTargetDependency */ = {
			isa = PBXTargetDependency;
			name = "Alamofire iOS";
			targetProxy = 682C0F2F1A8604E000DDF670 /* PBXContainerItemProxy */;
		};
		6895A01D1A84E8D500E88E28 /* PBXTargetDependency */ = {
			isa = PBXTargetDependency;
			target = 6895A0051A84E8D500E88E28 /* Sample */;
			targetProxy = 6895A01C1A84E8D500E88E28 /* PBXContainerItemProxy */;
		};
/* End PBXTargetDependency section */

/* Begin PBXVariantGroup section */
		6895A00F1A84E8D500E88E28 /* Main.storyboard */ = {
			isa = PBXVariantGroup;
			children = (
				6895A0101A84E8D500E88E28 /* Base */,
			);
			name = Main.storyboard;
			sourceTree = "<group>";
		};
		6895A0141A84E8D500E88E28 /* LaunchScreen.xib */ = {
			isa = PBXVariantGroup;
			children = (
				6895A0151A84E8D500E88E28 /* Base */,
			);
			name = LaunchScreen.xib;
			sourceTree = "<group>";
		};
/* End PBXVariantGroup section */

/* Begin XCBuildConfiguration section */
		6895A0231A84E8D500E88E28 /* Debug */ = {
			isa = XCBuildConfiguration;
			buildSettings = {
				ALWAYS_SEARCH_USER_PATHS = NO;
				CLANG_CXX_LANGUAGE_STANDARD = "gnu++0x";
				CLANG_CXX_LIBRARY = "libc++";
				CLANG_ENABLE_MODULES = YES;
				CLANG_ENABLE_OBJC_ARC = YES;
				CLANG_WARN_BOOL_CONVERSION = YES;
				CLANG_WARN_CONSTANT_CONVERSION = YES;
				CLANG_WARN_DIRECT_OBJC_ISA_USAGE = YES_ERROR;
				CLANG_WARN_EMPTY_BODY = YES;
				CLANG_WARN_ENUM_CONVERSION = YES;
				CLANG_WARN_INT_CONVERSION = YES;
				CLANG_WARN_OBJC_ROOT_CLASS = YES_ERROR;
				CLANG_WARN_UNREACHABLE_CODE = YES;
				CLANG_WARN__DUPLICATE_METHOD_MATCH = YES;
				"CODE_SIGN_IDENTITY[sdk=iphoneos*]" = "iPhone Developer";
				COPY_PHASE_STRIP = NO;
				ENABLE_STRICT_OBJC_MSGSEND = YES;
				GCC_C_LANGUAGE_STANDARD = gnu99;
				GCC_DYNAMIC_NO_PIC = NO;
				GCC_OPTIMIZATION_LEVEL = 0;
				GCC_PREPROCESSOR_DEFINITIONS = (
					"DEBUG=1",
					"$(inherited)",
				);
				GCC_SYMBOLS_PRIVATE_EXTERN = NO;
				GCC_WARN_64_TO_32_BIT_CONVERSION = YES;
				GCC_WARN_ABOUT_RETURN_TYPE = YES_ERROR;
				GCC_WARN_UNDECLARED_SELECTOR = YES;
				GCC_WARN_UNINITIALIZED_AUTOS = YES_AGGRESSIVE;
				GCC_WARN_UNUSED_FUNCTION = YES;
				GCC_WARN_UNUSED_VARIABLE = YES;
				IPHONEOS_DEPLOYMENT_TARGET = 8.1;
				MTL_ENABLE_DEBUG_INFO = YES;
				ONLY_ACTIVE_ARCH = YES;
				SDKROOT = iphoneos;
				SWIFT_OPTIMIZATION_LEVEL = "-Onone";
				TARGETED_DEVICE_FAMILY = "1,2";
			};
			name = Debug;
		};
		6895A0241A84E8D500E88E28 /* Release */ = {
			isa = XCBuildConfiguration;
			buildSettings = {
				ALWAYS_SEARCH_USER_PATHS = NO;
				CLANG_CXX_LANGUAGE_STANDARD = "gnu++0x";
				CLANG_CXX_LIBRARY = "libc++";
				CLANG_ENABLE_MODULES = YES;
				CLANG_ENABLE_OBJC_ARC = YES;
				CLANG_WARN_BOOL_CONVERSION = YES;
				CLANG_WARN_CONSTANT_CONVERSION = YES;
				CLANG_WARN_DIRECT_OBJC_ISA_USAGE = YES_ERROR;
				CLANG_WARN_EMPTY_BODY = YES;
				CLANG_WARN_ENUM_CONVERSION = YES;
				CLANG_WARN_INT_CONVERSION = YES;
				CLANG_WARN_OBJC_ROOT_CLASS = YES_ERROR;
				CLANG_WARN_UNREACHABLE_CODE = YES;
				CLANG_WARN__DUPLICATE_METHOD_MATCH = YES;
				"CODE_SIGN_IDENTITY[sdk=iphoneos*]" = "iPhone Developer";
				COPY_PHASE_STRIP = YES;
				ENABLE_NS_ASSERTIONS = NO;
				ENABLE_STRICT_OBJC_MSGSEND = YES;
				GCC_C_LANGUAGE_STANDARD = gnu99;
				GCC_WARN_64_TO_32_BIT_CONVERSION = YES;
				GCC_WARN_ABOUT_RETURN_TYPE = YES_ERROR;
				GCC_WARN_UNDECLARED_SELECTOR = YES;
				GCC_WARN_UNINITIALIZED_AUTOS = YES_AGGRESSIVE;
				GCC_WARN_UNUSED_FUNCTION = YES;
				GCC_WARN_UNUSED_VARIABLE = YES;
				IPHONEOS_DEPLOYMENT_TARGET = 8.1;
				MTL_ENABLE_DEBUG_INFO = NO;
				SDKROOT = iphoneos;
				TARGETED_DEVICE_FAMILY = "1,2";
				VALIDATE_PRODUCT = YES;
			};
			name = Release;
		};
		6895A0261A84E8D500E88E28 /* Debug */ = {
			isa = XCBuildConfiguration;
			buildSettings = {
				ASSETCATALOG_COMPILER_APPICON_NAME = AppIcon;
				INFOPLIST_FILE = Sample/Info.plist;
				LD_RUNPATH_SEARCH_PATHS = "$(inherited) @executable_path/Frameworks";
				PRODUCT_NAME = "$(TARGET_NAME)";
			};
			name = Debug;
		};
		6895A0271A84E8D500E88E28 /* Release */ = {
			isa = XCBuildConfiguration;
			buildSettings = {
				ASSETCATALOG_COMPILER_APPICON_NAME = AppIcon;
				INFOPLIST_FILE = Sample/Info.plist;
				LD_RUNPATH_SEARCH_PATHS = "$(inherited) @executable_path/Frameworks";
				PRODUCT_NAME = "$(TARGET_NAME)";
			};
			name = Release;
		};
		6895A0291A84E8D500E88E28 /* Debug */ = {
			isa = XCBuildConfiguration;
			buildSettings = {
				BUNDLE_LOADER = "$(TEST_HOST)";
				FRAMEWORK_SEARCH_PATHS = (
					"$(SDKROOT)/Developer/Library/Frameworks",
					"$(inherited)",
				);
				GCC_PREPROCESSOR_DEFINITIONS = (
					"DEBUG=1",
					"$(inherited)",
				);
				INFOPLIST_FILE = SampleTests/Info.plist;
				LD_RUNPATH_SEARCH_PATHS = "$(inherited) @executable_path/Frameworks @loader_path/Frameworks";
				PRODUCT_NAME = "$(TARGET_NAME)";
				TEST_HOST = "$(BUILT_PRODUCTS_DIR)/Sample.app/Sample";
			};
			name = Debug;
		};
		6895A02A1A84E8D500E88E28 /* Release */ = {
			isa = XCBuildConfiguration;
			buildSettings = {
				BUNDLE_LOADER = "$(TEST_HOST)";
				FRAMEWORK_SEARCH_PATHS = (
					"$(SDKROOT)/Developer/Library/Frameworks",
					"$(inherited)",
				);
				INFOPLIST_FILE = SampleTests/Info.plist;
				LD_RUNPATH_SEARCH_PATHS = "$(inherited) @executable_path/Frameworks @loader_path/Frameworks";
				PRODUCT_NAME = "$(TARGET_NAME)";
				TEST_HOST = "$(BUILT_PRODUCTS_DIR)/Sample.app/Sample";
			};
			name = Release;
		};
/* End XCBuildConfiguration section */

/* Begin XCConfigurationList section */
		6895A0011A84E8D500E88E28 /* Build configuration list for PBXProject "Sample" */ = {
			isa = XCConfigurationList;
			buildConfigurations = (
				6895A0231A84E8D500E88E28 /* Debug */,
				6895A0241A84E8D500E88E28 /* Release */,
			);
			defaultConfigurationIsVisible = 0;
			defaultConfigurationName = Release;
		};
		6895A0251A84E8D500E88E28 /* Build configuration list for PBXNativeTarget "Sample" */ = {
			isa = XCConfigurationList;
			buildConfigurations = (
				6895A0261A84E8D500E88E28 /* Debug */,
				6895A0271A84E8D500E88E28 /* Release */,
			);
			defaultConfigurationIsVisible = 0;
			defaultConfigurationName = Release;
		};
		6895A0281A84E8D500E88E28 /* Build configuration list for PBXNativeTarget "SampleTests" */ = {
			isa = XCConfigurationList;
			buildConfigurations = (
				6895A0291A84E8D500E88E28 /* Debug */,
				6895A02A1A84E8D500E88E28 /* Release */,
			);
			defaultConfigurationIsVisible = 0;
			defaultConfigurationName = Release;
		};
/* End XCConfigurationList section */
	};
	rootObject = 68959FFE1A84E8D500E88E28 /* Project object */;
}
